
Microsoft Visual Studio Solution File, Format Version 12.00
# Visual Studio Version 16
VisualStudioVersion = 16.0.808.1
MinimumVisualStudioVersion = 10.0.40219.1
Project("{FAE04EC0-301F-11D3-BF4B-00C04F79EFBC}") = "Class_Inheritance", "Class_Inheritance\Class_Inheritance.csproj", "{40B35B63-D18C-40BA-81E5-BBE52ECD347A}"
EndProject
Global
	GlobalSection(SolutionConfigurationPlatforms) = preSolution
		Debug|anycpu = Debug|anycpu
		Release|anycpu = Release|anycpu
	EndGlobalSection
	GlobalSection(ProjectConfigurationPlatforms) = postSolution
		{40B35B63-D18C-40BA-81E5-BBE52ECD347A}.Debug|anycpu.ActiveCfg = Debug|anycpu
		{40B35B63-D18C-40BA-81E5-BBE52ECD347A}.Debug|anycpu.Build.0 = Debug|anycpu
		{40B35B63-D18C-40BA-81E5-BBE52ECD347A}.Release|anycpu.ActiveCfg = Release|anycpu
		{40B35B63-D18C-40BA-81E5-BBE52ECD347A}.Release|anycpu.Build.0 = Release|anycpu
	EndGlobalSection
	GlobalSection(SolutionProperties) = preSolution
		HideSolutionNode = FALSE
	EndGlobalSection
	GlobalSection(ExtensibilityGlobals) = postSolution
		SolutionGuid = {2DDC7699-C4DA-4B27-ACBD-B7D08F1877E1}
	EndGlobalSection
EndGlobal
