
Microsoft Visual Studio Solution File, Format Version 12.00
# Visual Studio Version 16
VisualStudioVersion = 16.0.808.1
MinimumVisualStudioVersion = 10.0.40219.1
Project("{FAE04EC0-301F-11D3-BF4B-00C04F79EFBC}") = "SerializationLesson", "SerializationLesson\SerializationLesson.csproj", "{56F880DD-0DE2-494A-9CE7-416DC37B5398}"
EndProject
Global
	GlobalSection(SolutionConfigurationPlatforms) = preSolution
		Debug|anycpu = Debug|anycpu
		Release|anycpu = Release|anycpu
	EndGlobalSection
	GlobalSection(ProjectConfigurationPlatforms) = postSolution
		{56F880DD-0DE2-494A-9CE7-416DC37B5398}.Debug|anycpu.ActiveCfg = Debug|anycpu
		{56F880DD-0DE2-494A-9CE7-416DC37B5398}.Debug|anycpu.Build.0 = Debug|anycpu
		{56F880DD-0DE2-494A-9CE7-416DC37B5398}.Release|anycpu.ActiveCfg = Release|anycpu
		{56F880DD-0DE2-494A-9CE7-416DC37B5398}.Release|anycpu.Build.0 = Release|anycpu
	EndGlobalSection
	GlobalSection(SolutionProperties) = preSolution
		HideSolutionNode = FALSE
	EndGlobalSection
	GlobalSection(ExtensibilityGlobals) = postSolution
		SolutionGuid = {00134C5D-A6B1-415C-86B3-247CF22F92D1}
	EndGlobalSection
EndGlobal
